
Microsoft Visual Studio Solution File, Format Version 12.00
# Visual Studio Version 16
VisualStudioVersion = 16.0.31205.134
MinimumVisualStudioVersion = 10.0.40219.1
Project("{FAE04EC0-301F-11D3-BF4B-00C04F79EFBC}") = "Day6_01", "Day6_01\Day6_01.csproj", "{C9FEE0B6-B407-45CF-84D3-A96B9BCAF3C2}"
EndProject
Global
	GlobalSection(SolutionConfigurationPlatforms) = preSolution
		Debug|Any CPU = Debug|Any CPU
		Release|Any CPU = Release|Any CPU
	EndGlobalSection
	GlobalSection(ProjectConfigurationPlatforms) = postSolution
		{C9FEE0B6-B407-45CF-84D3-A96B9BCAF3C2}.Debug|Any CPU.ActiveCfg = Debug|Any CPU
		{C9FEE0B6-B407-45CF-84D3-A96B9BCAF3C2}.Debug|Any CPU.Build.0 = Debug|Any CPU
		{C9FEE0B6-B407-45CF-84D3-A96B9BCAF3C2}.Release|Any CPU.ActiveCfg = Release|Any CPU
		{C9FEE0B6-B407-45CF-84D3-A96B9BCAF3C2}.Release|Any CPU.Build.0 = Release|Any CPU
	EndGlobalSection
	GlobalSection(SolutionProperties) = preSolution
		HideSolutionNode = FALSE
	EndGlobalSection
	GlobalSection(ExtensibilityGlobals) = postSolution
		SolutionGuid = {51C2427E-FFFF-4582-886D-937C693561E4}
	EndGlobalSection
EndGlobal
